
Microsoft Visual Studio Solution File, Format Version 12.00
# Visual Studio 15
VisualStudioVersion = 15.0.27004.2009
MinimumVisualStudioVersion = 10.0.40219.1
Project("{D954291E-2A0B-460D-934E-DC6B0785DB48}") = "ARVRXamarin", "ARVRXamarin\ARVRXamarin\ARVRXamarin.shproj", "{1DB0851F-85DF-4C02-AC1C-B3FABADC1097}"
EndProject
Project("{FAE04EC0-301F-11D3-BF4B-00C04F79EFBC}") = "ARVRXamarin.Android", "ARVRXamarin\ARVRXamarin.Android\ARVRXamarin.Android.csproj", "{82614ECA-7C7C-4BFC-A064-FAC3B9FE2013}"
EndProject
Project("{FAE04EC0-301F-11D3-BF4B-00C04F79EFBC}") = "ARVRXamarin.iOS", "ARVRXamarin\ARVRXamarin.iOS\ARVRXamarin.iOS.csproj", "{519611D8-A5B9-4C95-AE4D-F35EF07A51F8}"
EndProject
Project("{FAE04EC0-301F-11D3-BF4B-00C04F79EFBC}") = "ARVRXamarin.UWP", "ARVRXamarin\ARVRXamarin.UWP\ARVRXamarin.UWP.csproj", "{021D78A8-005B-4925-A176-780773336E9A}"
EndProject
Global
	GlobalSection(SharedMSBuildProjectFiles) = preSolution
		ARVRXamarin\ARVRXamarin\ARVRXamarin.projitems*{1db0851f-85df-4c02-ac1c-b3fabadc1097}*SharedItemsImports = 13
		ARVRXamarin\ARVRXamarin\ARVRXamarin.projitems*{519611d8-a5b9-4c95-ae4d-f35ef07a51f8}*SharedItemsImports = 4
		ARVRXamarin\ARVRXamarin\ARVRXamarin.projitems*{82614eca-7c7c-4bfc-a064-fac3b9fe2013}*SharedItemsImports = 4
	EndGlobalSection
	GlobalSection(SolutionConfigurationPlatforms) = preSolution
		Ad-Hoc|Any CPU = Ad-Hoc|Any CPU
		Ad-Hoc|ARM = Ad-Hoc|ARM
		Ad-Hoc|iPhone = Ad-Hoc|iPhone
		Ad-Hoc|iPhoneSimulator = Ad-Hoc|iPhoneSimulator
		Ad-Hoc|x64 = Ad-Hoc|x64
		Ad-Hoc|x86 = Ad-Hoc|x86
		AppStore|Any CPU = AppStore|Any CPU
		AppStore|ARM = AppStore|ARM
		AppStore|iPhone = AppStore|iPhone
		AppStore|iPhoneSimulator = AppStore|iPhoneSimulator
		AppStore|x64 = AppStore|x64
		AppStore|x86 = AppStore|x86
		Debug|Any CPU = Debug|Any CPU
		Debug|ARM = Debug|ARM
		Debug|iPhone = Debug|iPhone
		Debug|iPhoneSimulator = Debug|iPhoneSimulator
		Debug|x64 = Debug|x64
		Debug|x86 = Debug|x86
		Release|Any CPU = Release|Any CPU
		Release|ARM = Release|ARM
		Release|iPhone = Release|iPhone
		Release|iPhoneSimulator = Release|iPhoneSimulator
		Release|x64 = Release|x64
		Release|x86 = Release|x86
	EndGlobalSection
	GlobalSection(ProjectConfigurationPlatforms) = postSolution
		{82614ECA-7C7C-4BFC-A064-FAC3B9FE2013}.Ad-Hoc|Any CPU.ActiveCfg = Release|Any CPU
		{82614ECA-7C7C-4BFC-A064-FAC3B9FE2013}.Ad-Hoc|Any CPU.Build.0 = Release|Any CPU
		{82614ECA-7C7C-4BFC-A064-FAC3B9FE2013}.Ad-Hoc|Any CPU.Deploy.0 = Release|Any CPU
		{82614ECA-7C7C-4BFC-A064-FAC3B9FE2013}.Ad-Hoc|ARM.ActiveCfg = Release|Any CPU
		{82614ECA-7C7C-4BFC-A064-FAC3B9FE2013}.Ad-Hoc|ARM.Build.0 = Release|Any CPU
		{82614ECA-7C7C-4BFC-A064-FAC3B9FE2013}.Ad-Hoc|ARM.Deploy.0 = Release|Any CPU
		{82614ECA-7C7C-4BFC-A064-FAC3B9FE2013}.Ad-Hoc|iPhone.ActiveCfg = Release|Any CPU
		{82614ECA-7C7C-4BFC-A064-FAC3B9FE2013}.Ad-Hoc|iPhone.Build.0 = Release|Any CPU
		{82614ECA-7C7C-4BFC-A064-FAC3B9FE2013}.Ad-Hoc|iPhone.Deploy.0 = Release|Any CPU
		{82614ECA-7C7C-4BFC-A064-FAC3B9FE2013}.Ad-Hoc|iPhoneSimulator.ActiveCfg = Release|Any CPU
		{82614ECA-7C7C-4BFC-A064-FAC3B9FE2013}.Ad-Hoc|iPhoneSimulator.Build.0 = Release|Any CPU
		{82614ECA-7C7C-4BFC-A064-FAC3B9FE2013}.Ad-Hoc|iPhoneSimulator.Deploy.0 = Release|Any CPU
		{82614ECA-7C7C-4BFC-A064-FAC3B9FE2013}.Ad-Hoc|x64.ActiveCfg = Release|Any CPU
		{82614ECA-7C7C-4BFC-A064-FAC3B9FE2013}.Ad-Hoc|x64.Build.0 = Release|Any CPU
		{82614ECA-7C7C-4BFC-A064-FAC3B9FE2013}.Ad-Hoc|x64.Deploy.0 = Release|Any CPU
		{82614ECA-7C7C-4BFC-A064-FAC3B9FE2013}.Ad-Hoc|x86.ActiveCfg = Release|Any CPU
		{82614ECA-7C7C-4BFC-A064-FAC3B9FE2013}.Ad-Hoc|x86.Build.0 = Release|Any CPU
		{82614ECA-7C7C-4BFC-A064-FAC3B9FE2013}.Ad-Hoc|x86.Deploy.0 = Release|Any CPU
		{82614ECA-7C7C-4BFC-A064-FAC3B9FE2013}.AppStore|Any CPU.ActiveCfg = Release|Any CPU
		{82614ECA-7C7C-4BFC-A064-FAC3B9FE2013}.AppStore|Any CPU.Build.0 = Release|Any CPU
		{82614ECA-7C7C-4BFC-A064-FAC3B9FE2013}.AppStore|Any CPU.Deploy.0 = Release|Any CPU
		{82614ECA-7C7C-4BFC-A064-FAC3B9FE2013}.AppStore|ARM.ActiveCfg = Release|Any CPU
		{82614ECA-7C7C-4BFC-A064-FAC3B9FE2013}.AppStore|ARM.Build.0 = Release|Any CPU
		{82614ECA-7C7C-4BFC-A064-FAC3B9FE2013}.AppStore|ARM.Deploy.0 = Release|Any CPU
		{82614ECA-7C7C-4BFC-A064-FAC3B9FE2013}.AppStore|iPhone.ActiveCfg = Release|Any CPU
		{82614ECA-7C7C-4BFC-A064-FAC3B9FE2013}.AppStore|iPhone.Build.0 = Release|Any CPU
		{82614ECA-7C7C-4BFC-A064-FAC3B9FE2013}.AppStore|iPhone.Deploy.0 = Release|Any CPU
		{82614ECA-7C7C-4BFC-A064-FAC3B9FE2013}.AppStore|iPhoneSimulator.ActiveCfg = Release|Any CPU
		{82614ECA-7C7C-4BFC-A064-FAC3B9FE2013}.AppStore|iPhoneSimulator.Build.0 = Release|Any CPU
		{82614ECA-7C7C-4BFC-A064-FAC3B9FE2013}.AppStore|iPhoneSimulator.Deploy.0 = Release|Any CPU
		{82614ECA-7C7C-4BFC-A064-FAC3B9FE2013}.AppStore|x64.ActiveCfg = Release|Any CPU
		{82614ECA-7C7C-4BFC-A064-FAC3B9FE2013}.AppStore|x64.Build.0 = Release|Any CPU
		{82614ECA-7C7C-4BFC-A064-FAC3B9FE2013}.AppStore|x64.Deploy.0 = Release|Any CPU
		{82614ECA-7C7C-4BFC-A064-FAC3B9FE2013}.AppStore|x86.ActiveCfg = Release|Any CPU
		{82614ECA-7C7C-4BFC-A064-FAC3B9FE2013}.AppStore|x86.Build.0 = Release|Any CPU
		{82614ECA-7C7C-4BFC-A064-FAC3B9FE2013}.AppStore|x86.Deploy.0 = Release|Any CPU
		{82614ECA-7C7C-4BFC-A064-FAC3B9FE2013}.Debug|Any CPU.ActiveCfg = Debug|Any CPU
		{82614ECA-7C7C-4BFC-A064-FAC3B9FE2013}.Debug|Any CPU.Build.0 = Debug|Any CPU
		{82614ECA-7C7C-4BFC-A064-FAC3B9FE2013}.Debug|Any CPU.Deploy.0 = Debug|Any CPU
		{82614ECA-7C7C-4BFC-A064-FAC3B9FE2013}.Debug|ARM.ActiveCfg = Debug|Any CPU
		{82614ECA-7C7C-4BFC-A064-FAC3B9FE2013}.Debug|ARM.Build.0 = Debug|Any CPU
		{82614ECA-7C7C-4BFC-A064-FAC3B9FE2013}.Debug|ARM.Deploy.0 = Debug|Any CPU
		{82614ECA-7C7C-4BFC-A064-FAC3B9FE2013}.Debug|iPhone.ActiveCfg = Debug|Any CPU
		{82614ECA-7C7C-4BFC-A064-FAC3B9FE2013}.Debug|iPhone.Build.0 = Debug|Any CPU
		{82614ECA-7C7C-4BFC-A064-FAC3B9FE2013}.Debug|iPhone.Deploy.0 = Debug|Any CPU
		{82614ECA-7C7C-4BFC-A064-FAC3B9FE2013}.Debug|iPhoneSimulator.ActiveCfg = Debug|Any CPU
		{82614ECA-7C7C-4BFC-A064-FAC3B9FE2013}.Debug|iPhoneSimulator.Build.0 = Debug|Any CPU
		{82614ECA-7C7C-4BFC-A064-FAC3B9FE2013}.Debug|iPhoneSimulator.Deploy.0 = Debug|Any CPU
		{82614ECA-7C7C-4BFC-A064-FAC3B9FE2013}.Debug|x64.ActiveCfg = Debug|Any CPU
		{82614ECA-7C7C-4BFC-A064-FAC3B9FE2013}.Debug|x64.Build.0 = Debug|Any CPU
		{82614ECA-7C7C-4BFC-A064-FAC3B9FE2013}.Debug|x64.Deploy.0 = Debug|Any CPU
		{82614ECA-7C7C-4BFC-A064-FAC3B9FE2013}.Debug|x86.ActiveCfg = Debug|Any CPU
		{82614ECA-7C7C-4BFC-A064-FAC3B9FE2013}.Debug|x86.Build.0 = Debug|Any CPU
		{82614ECA-7C7C-4BFC-A064-FAC3B9FE2013}.Debug|x86.Deploy.0 = Debug|Any CPU
		{82614ECA-7C7C-4BFC-A064-FAC3B9FE2013}.Release|Any CPU.ActiveCfg = Release|Any CPU
		{82614ECA-7C7C-4BFC-A064-FAC3B9FE2013}.Release|Any CPU.Build.0 = Release|Any CPU
		{82614ECA-7C7C-4BFC-A064-FAC3B9FE2013}.Release|Any CPU.Deploy.0 = Release|Any CPU
		{82614ECA-7C7C-4BFC-A064-FAC3B9FE2013}.Release|ARM.ActiveCfg = Release|Any CPU
		{82614ECA-7C7C-4BFC-A064-FAC3B9FE2013}.Release|ARM.Build.0 = Release|Any CPU
		{82614ECA-7C7C-4BFC-A064-FAC3B9FE2013}.Release|ARM.Deploy.0 = Release|Any CPU
		{82614ECA-7C7C-4BFC-A064-FAC3B9FE2013}.Release|iPhone.ActiveCfg = Release|Any CPU
		{82614ECA-7C7C-4BFC-A064-FAC3B9FE2013}.Release|iPhone.Build.0 = Release|Any CPU
		{82614ECA-7C7C-4BFC-A064-FAC3B9FE2013}.Release|iPhone.Deploy.0 = Release|Any CPU
		{82614ECA-7C7C-4BFC-A064-FAC3B9FE2013}.Release|iPhoneSimulator.ActiveCfg = Release|Any CPU
		{82614ECA-7C7C-4BFC-A064-FAC3B9FE2013}.Release|iPhoneSimulator.Build.0 = Release|Any CPU
		{82614ECA-7C7C-4BFC-A064-FAC3B9FE2013}.Release|iPhoneSimulator.Deploy.0 = Release|Any CPU
		{82614ECA-7C7C-4BFC-A064-FAC3B9FE2013}.Release|x64.ActiveCfg = Release|Any CPU
		{82614ECA-7C7C-4BFC-A064-FAC3B9FE2013}.Release|x64.Build.0 = Release|Any CPU
		{82614ECA-7C7C-4BFC-A064-FAC3B9FE2013}.Release|x64.Deploy.0 = Release|Any CPU
		{82614ECA-7C7C-4BFC-A064-FAC3B9FE2013}.Release|x86.ActiveCfg = Release|Any CPU
		{82614ECA-7C7C-4BFC-A064-FAC3B9FE2013}.Release|x86.Build.0 = Release|Any CPU
		{82614ECA-7C7C-4BFC-A064-FAC3B9FE2013}.Release|x86.Deploy.0 = Release|Any CPU
		{519611D8-A5B9-4C95-AE4D-F35EF07A51F8}.Ad-Hoc|Any CPU.ActiveCfg = Ad-Hoc|iPhoneSimulator
		{519611D8-A5B9-4C95-AE4D-F35EF07A51F8}.Ad-Hoc|ARM.ActiveCfg = Ad-Hoc|iPhone
		{519611D8-A5B9-4C95-AE4D-F35EF07A51F8}.Ad-Hoc|iPhone.ActiveCfg = Ad-Hoc|iPhone
		{519611D8-A5B9-4C95-AE4D-F35EF07A51F8}.Ad-Hoc|iPhone.Build.0 = Ad-Hoc|iPhone
		{519611D8-A5B9-4C95-AE4D-F35EF07A51F8}.Ad-Hoc|iPhoneSimulator.ActiveCfg = Ad-Hoc|iPhoneSimulator
		{519611D8-A5B9-4C95-AE4D-F35EF07A51F8}.Ad-Hoc|iPhoneSimulator.Build.0 = Ad-Hoc|iPhoneSimulator
		{519611D8-A5B9-4C95-AE4D-F35EF07A51F8}.Ad-Hoc|x64.ActiveCfg = Ad-Hoc|iPhone
		{519611D8-A5B9-4C95-AE4D-F35EF07A51F8}.Ad-Hoc|x86.ActiveCfg = Ad-Hoc|iPhone
		{519611D8-A5B9-4C95-AE4D-F35EF07A51F8}.AppStore|Any CPU.ActiveCfg = AppStore|iPhoneSimulator
		{519611D8-A5B9-4C95-AE4D-F35EF07A51F8}.AppStore|ARM.ActiveCfg = AppStore|iPhone
		{519611D8-A5B9-4C95-AE4D-F35EF07A51F8}.AppStore|iPhone.ActiveCfg = AppStore|iPhone
		{519611D8-A5B9-4C95-AE4D-F35EF07A51F8}.AppStore|iPhone.Build.0 = AppStore|iPhone
		{519611D8-A5B9-4C95-AE4D-F35EF07A51F8}.AppStore|iPhoneSimulator.ActiveCfg = AppStore|iPhoneSimulator
		{519611D8-A5B9-4C95-AE4D-F35EF07A51F8}.AppStore|iPhoneSimulator.Build.0 = AppStore|iPhoneSimulator
		{519611D8-A5B9-4C95-AE4D-F35EF07A51F8}.AppStore|x64.ActiveCfg = AppStore|iPhone
		{519611D8-A5B9-4C95-AE4D-F35EF07A51F8}.AppStore|x86.ActiveCfg = AppStore|iPhone
		{519611D8-A5B9-4C95-AE4D-F35EF07A51F8}.Debug|Any CPU.ActiveCfg = Debug|iPhoneSimulator
		{519611D8-A5B9-4C95-AE4D-F35EF07A51F8}.Debug|ARM.ActiveCfg = Debug|iPhone
		{519611D8-A5B9-4C95-AE4D-F35EF07A51F8}.Debug|iPhone.ActiveCfg = Debug|iPhone
		{519611D8-A5B9-4C95-AE4D-F35EF07A51F8}.Debug|iPhone.Build.0 = Debug|iPhone
		{519611D8-A5B9-4C95-AE4D-F35EF07A51F8}.Debug|iPhoneSimulator.ActiveCfg = Debug|iPhoneSimulator
		{519611D8-A5B9-4C95-AE4D-F35EF07A51F8}.Debug|iPhoneSimulator.Build.0 = Debug|iPhoneSimulator
		{519611D8-A5B9-4C95-AE4D-F35EF07A51F8}.Debug|x64.ActiveCfg = Debug|iPhone
		{519611D8-A5B9-4C95-AE4D-F35EF07A51F8}.Debug|x86.ActiveCfg = Debug|iPhone
		{519611D8-A5B9-4C95-AE4D-F35EF07A51F8}.Release|Any CPU.ActiveCfg = Release|iPhoneSimulator
		{519611D8-A5B9-4C95-AE4D-F35EF07A51F8}.Release|ARM.ActiveCfg = Release|iPhone
		{519611D8-A5B9-4C95-AE4D-F35EF07A51F8}.Release|iPhone.ActiveCfg = Release|iPhone
		{519611D8-A5B9-4C95-AE4D-F35EF07A51F8}.Release|iPhone.Build.0 = Release|iPhone
		{519611D8-A5B9-4C95-AE4D-F35EF07A51F8}.Release|iPhoneSimulator.ActiveCfg = Release|iPhoneSimulator
		{519611D8-A5B9-4C95-AE4D-F35EF07A51F8}.Release|iPhoneSimulator.Build.0 = Release|iPhoneSimulator
		{519611D8-A5B9-4C95-AE4D-F35EF07A51F8}.Release|x64.ActiveCfg = Release|iPhone
		{519611D8-A5B9-4C95-AE4D-F35EF07A51F8}.Release|x86.ActiveCfg = Release|iPhone
		{021D78A8-005B-4925-A176-780773336E9A}.Ad-Hoc|Any CPU.ActiveCfg = Release|x86
		{021D78A8-005B-4925-A176-780773336E9A}.Ad-Hoc|Any CPU.Build.0 = Release|x86
		{021D78A8-005B-4925-A176-780773336E9A}.Ad-Hoc|Any CPU.Deploy.0 = Release|x86
		{021D78A8-005B-4925-A176-780773336E9A}.Ad-Hoc|ARM.ActiveCfg = Release|ARM
		{021D78A8-005B-4925-A176-780773336E9A}.Ad-Hoc|ARM.Build.0 = Release|ARM
		{021D78A8-005B-4925-A176-780773336E9A}.Ad-Hoc|ARM.Deploy.0 = Release|ARM
		{021D78A8-005B-4925-A176-780773336E9A}.Ad-Hoc|iPhone.ActiveCfg = Release|x86
		{021D78A8-005B-4925-A176-780773336E9A}.Ad-Hoc|iPhone.Build.0 = Release|x86
		{021D78A8-005B-4925-A176-780773336E9A}.Ad-Hoc|iPhone.Deploy.0 = Release|x86
		{021D78A8-005B-4925-A176-780773336E9A}.Ad-Hoc|iPhoneSimulator.ActiveCfg = Release|x86
		{021D78A8-005B-4925-A176-780773336E9A}.Ad-Hoc|iPhoneSimulator.Build.0 = Release|x86
		{021D78A8-005B-4925-A176-780773336E9A}.Ad-Hoc|iPhoneSimulator.Deploy.0 = Release|x86
		{021D78A8-005B-4925-A176-780773336E9A}.Ad-Hoc|x64.ActiveCfg = Release|x64
		{021D78A8-005B-4925-A176-780773336E9A}.Ad-Hoc|x64.Build.0 = Release|x64
		{021D78A8-005B-4925-A176-780773336E9A}.Ad-Hoc|x64.Deploy.0 = Release|x64
		{021D78A8-005B-4925-A176-780773336E9A}.Ad-Hoc|x86.ActiveCfg = Release|x86
		{021D78A8-005B-4925-A176-780773336E9A}.Ad-Hoc|x86.Build.0 = Release|x86
		{021D78A8-005B-4925-A176-780773336E9A}.Ad-Hoc|x86.Deploy.0 = Release|x86
		{021D78A8-005B-4925-A176-780773336E9A}.AppStore|Any CPU.ActiveCfg = Release|x86
		{021D78A8-005B-4925-A176-780773336E9A}.AppStore|Any CPU.Build.0 = Release|x86
		{021D78A8-005B-4925-A176-780773336E9A}.AppStore|Any CPU.Deploy.0 = Release|x86
		{021D78A8-005B-4925-A176-780773336E9A}.AppStore|ARM.ActiveCfg = Release|ARM
		{021D78A8-005B-4925-A176-780773336E9A}.AppStore|ARM.Build.0 = Release|ARM
		{021D78A8-005B-4925-A176-780773336E9A}.AppStore|ARM.Deploy.0 = Release|ARM
		{021D78A8-005B-4925-A176-780773336E9A}.AppStore|iPhone.ActiveCfg = Release|x86
		{021D78A8-005B-4925-A176-780773336E9A}.AppStore|iPhone.Build.0 = Release|x86
		{021D78A8-005B-4925-A176-780773336E9A}.AppStore|iPhone.Deploy.0 = Release|x86
		{021D78A8-005B-4925-A176-780773336E9A}.AppStore|iPhoneSimulator.ActiveCfg = Release|x86
		{021D78A8-005B-4925-A176-780773336E9A}.AppStore|iPhoneSimulator.Build.0 = Release|x86
		{021D78A8-005B-4925-A176-780773336E9A}.AppStore|iPhoneSimulator.Deploy.0 = Release|x86
		{021D78A8-005B-4925-A176-780773336E9A}.AppStore|x64.ActiveCfg = Release|x64
		{021D78A8-005B-4925-A176-780773336E9A}.AppStore|x64.Build.0 = Release|x64
		{021D78A8-005B-4925-A176-780773336E9A}.AppStore|x64.Deploy.0 = Release|x64
		{021D78A8-005B-4925-A176-780773336E9A}.AppStore|x86.ActiveCfg = Release|x86
		{021D78A8-005B-4925-A176-780773336E9A}.AppStore|x86.Build.0 = Release|x86
		{021D78A8-005B-4925-A176-780773336E9A}.AppStore|x86.Deploy.0 = Release|x86
		{021D78A8-005B-4925-A176-780773336E9A}.Debug|Any CPU.ActiveCfg = Debug|x86
		{021D78A8-005B-4925-A176-780773336E9A}.Debug|ARM.ActiveCfg = Debug|ARM
		{021D78A8-005B-4925-A176-780773336E9A}.Debug|ARM.Build.0 = Debug|ARM
		{021D78A8-005B-4925-A176-780773336E9A}.Debug|ARM.Deploy.0 = Debug|ARM
		{021D78A8-005B-4925-A176-780773336E9A}.Debug|iPhone.ActiveCfg = Debug|x86
		{021D78A8-005B-4925-A176-780773336E9A}.Debug|iPhoneSimulator.ActiveCfg = Debug|x86
		{021D78A8-005B-4925-A176-780773336E9A}.Debug|x64.ActiveCfg = Debug|x64
		{021D78A8-005B-4925-A176-780773336E9A}.Debug|x64.Build.0 = Debug|x64
		{021D78A8-005B-4925-A176-780773336E9A}.Debug|x64.Deploy.0 = Debug|x64
		{021D78A8-005B-4925-A176-780773336E9A}.Debug|x86.ActiveCfg = Debug|x86
		{021D78A8-005B-4925-A176-780773336E9A}.Debug|x86.Build.0 = Debug|x86
		{021D78A8-005B-4925-A176-780773336E9A}.Debug|x86.Deploy.0 = Debug|x86
		{021D78A8-005B-4925-A176-780773336E9A}.Release|Any CPU.ActiveCfg = Release|x86
		{021D78A8-005B-4925-A176-780773336E9A}.Release|ARM.ActiveCfg = Release|ARM
		{021D78A8-005B-4925-A176-780773336E9A}.Release|ARM.Build.0 = Release|ARM
		{021D78A8-005B-4925-A176-780773336E9A}.Release|ARM.Deploy.0 = Release|ARM
		{021D78A8-005B-4925-A176-780773336E9A}.Release|iPhone.ActiveCfg = Release|x86
		{021D78A8-005B-4925-A176-780773336E9A}.Release|iPhoneSimulator.ActiveCfg = Release|x86
		{021D78A8-005B-4925-A176-780773336E9A}.Release|x64.ActiveCfg = Release|x64
		{021D78A8-005B-4925-A176-780773336E9A}.Release|x64.Build.0 = Release|x64
		{021D78A8-005B-4925-A176-780773336E9A}.Release|x64.Deploy.0 = Release|x64
		{021D78A8-005B-4925-A176-780773336E9A}.Release|x86.ActiveCfg = Release|x86
		{021D78A8-005B-4925-A176-780773336E9A}.Release|x86.Build.0 = Release|x86
		{021D78A8-005B-4925-A176-780773336E9A}.Release|x86.Deploy.0 = Release|x86
	EndGlobalSection
	GlobalSection(SolutionProperties) = preSolution
		HideSolutionNode = FALSE
	EndGlobalSection
	GlobalSection(ExtensibilityGlobals) = postSolution
		SolutionGuid = {32BD3BC0-E620-4B75-A3A2-274AAC9F7A34}
	EndGlobalSection
EndGlobal
